// !$*UTF8*$!
{
	archiveVersion = 1;
	classes = {
	};
	objectVersion = 56;
	objects = {

/* Begin PBXBuildFile section */
		1A0C3C0B2B7912D0003C4DB6 /* Constants.swift in Sources */ = {isa = PBXBuildFile; fileRef = 1A0C3C0A2B7912D0003C4DB6 /* Constants.swift */; };
		1A1417432B6EC16F007EFCB7 /* AandEAttendanceByYearandMonth.swift in Sources */ = {isa = PBXBuildFile; fileRef = 1A1417422B6EC16F007EFCB7 /* AandEAttendanceByYearandMonth.swift */; };
		1A1CE5FE2BF905970006D920 /* MockData.swift in Sources */ = {isa = PBXBuildFile; fileRef = 1A1CE5FD2BF905970006D920 /* MockData.swift */; };
		1A1CE6012BF91EF00006D920 /* AandEAttendanceCurrentView.swift in Sources */ = {isa = PBXBuildFile; fileRef = 1A1CE6002BF91EF00006D920 /* AandEAttendanceCurrentView.swift */; };
		1A1CE6032BF9542F0006D920 /* PatientStay.swift in Sources */ = {isa = PBXBuildFile; fileRef = 1A1CE6022BF9542F0006D920 /* PatientStay.swift */; };
		1A26B8B22B6A626C0022B97F /* CommunityBedsChartView.swift in Sources */ = {isa = PBXBuildFile; fileRef = 1A26B8B12B6A626C0022B97F /* CommunityBedsChartView.swift */; };
		1A26B8B82B6A75610022B97F /* BarChartView.swift in Sources */ = {isa = PBXBuildFile; fileRef = 1A26B8B72B6A75610022B97F /* BarChartView.swift */; };
		1A32E45D2B67F5F800AE030B /* CommunityDepartmentChartView.swift in Sources */ = {isa = PBXBuildFile; fileRef = 1A32E45C2B67F5F800AE030B /* CommunityDepartmentChartView.swift */; };
		1A32E4612B67FFD400AE030B /* HospitalHeaderView.swift in Sources */ = {isa = PBXBuildFile; fileRef = 1A32E4602B67FFD400AE030B /* HospitalHeaderView.swift */; };
		1A32E4632B6820D200AE030B /* DepartmentLink.swift in Sources */ = {isa = PBXBuildFile; fileRef = 1A32E4622B6820D200AE030B /* DepartmentLink.swift */; };
		1A6C7E9A2B7FDE4C000D14DA /* HomeSummaryView.swift in Sources */ = {isa = PBXBuildFile; fileRef = 1A6C7E992B7FDE4C000D14DA /* HomeSummaryView.swift */; };
		1A9836D52C0357E500769A8C /* Route.swift in Sources */ = {isa = PBXBuildFile; fileRef = 1A9836D42C0357E500769A8C /* Route.swift */; };
		1A9836D72C0357ED00769A8C /* NavigationRouter.swift in Sources */ = {isa = PBXBuildFile; fileRef = 1A9836D62C0357ED00769A8C /* NavigationRouter.swift */; };
		1AAD72E72BF5235E0002B5D1 /* ThumbnailAttendanceView.swift in Sources */ = {isa = PBXBuildFile; fileRef = 1AAD72E62BF5235E0002B5D1 /* ThumbnailAttendanceView.swift */; };
		1AAEC3C72BEFB7CC0001F280 /* AndEHomeView.swift in Sources */ = {isa = PBXBuildFile; fileRef = 1AAEC3C62BEFB7CC0001F280 /* AndEHomeView.swift */; };
		1AEAED002C02576D00FB299D /* SectorChartView.swift in Sources */ = {isa = PBXBuildFile; fileRef = 1AEAECFF2C02576D00FB299D /* SectorChartView.swift */; };
		1AF1682A2B45A2A2003231A2 /* HospitalChartsApp.swift in Sources */ = {isa = PBXBuildFile; fileRef = 1AF168292B45A2A2003231A2 /* HospitalChartsApp.swift */; };
		1AF1682C2B45A2A2003231A2 /* ContentView.swift in Sources */ = {isa = PBXBuildFile; fileRef = 1AF1682B2B45A2A2003231A2 /* ContentView.swift */; };
		1AF1682E2B45A2A3003231A2 /* Assets.xcassets in Resources */ = {isa = PBXBuildFile; fileRef = 1AF1682D2B45A2A3003231A2 /* Assets.xcassets */; };
		1AF168312B45A2A3003231A2 /* Preview Assets.xcassets in Resources */ = {isa = PBXBuildFile; fileRef = 1AF168302B45A2A3003231A2 /* Preview Assets.xcassets */; };
		1AF168382B45A31D003231A2 /* TrustHospitalsView.swift in Sources */ = {isa = PBXBuildFile; fileRef = 1AF168372B45A31D003231A2 /* TrustHospitalsView.swift */; };
		1AF168472B45AB1E003231A2 /* HospitalItem.swift in Sources */ = {isa = PBXBuildFile; fileRef = 1AF168462B45AB1E003231A2 /* HospitalItem.swift */; };
		1AF168492B45AB26003231A2 /* Acute.swift in Sources */ = {isa = PBXBuildFile; fileRef = 1AF168482B45AB26003231A2 /* Acute.swift */; };
		1AF1684B2B45AB33003231A2 /* Community.swift in Sources */ = {isa = PBXBuildFile; fileRef = 1AF1684A2B45AB33003231A2 /* Community.swift */; };
		1AF1684E2B45ABBD003231A2 /* AcuteDepartment.swift in Sources */ = {isa = PBXBuildFile; fileRef = 1AF1684D2B45ABBD003231A2 /* AcuteDepartment.swift */; };
		1AF168522B45B873003231A2 /* CommunityDepartment.swift in Sources */ = {isa = PBXBuildFile; fileRef = 1AF168512B45B873003231A2 /* CommunityDepartment.swift */; };
		1AF168542B45B8E4003231A2 /* AcuteDetailView.swift in Sources */ = {isa = PBXBuildFile; fileRef = 1AF168532B45B8E4003231A2 /* AcuteDetailView.swift */; };
		1AF168562B45B8F1003231A2 /* CommunityDetailView.swift in Sources */ = {isa = PBXBuildFile; fileRef = 1AF168552B45B8F1003231A2 /* CommunityDetailView.swift */; };
		1AF168582B45BAA4003231A2 /* AcuteWardChartView.swift in Sources */ = {isa = PBXBuildFile; fileRef = 1AF168572B45BAA4003231A2 /* AcuteWardChartView.swift */; };
		1AF1685A2B45BB57003231A2 /* PatientLog.swift in Sources */ = {isa = PBXBuildFile; fileRef = 1AF168592B45BB57003231A2 /* PatientLog.swift */; };
		1AF473992B78F562000746C8 /* AccidentAndEmergency.swift in Sources */ = {isa = PBXBuildFile; fileRef = 1AF473982B78F562000746C8 /* AccidentAndEmergency.swift */; };
		1AF4739B2B790338000746C8 /* ArrivalAttendanceBarChartView.swift in Sources */ = {isa = PBXBuildFile; fileRef = 1AF4739A2B790338000746C8 /* ArrivalAttendanceBarChartView.swift */; };
/* End PBXBuildFile section */

/* Begin PBXFileReference section */
		1A0C3C0A2B7912D0003C4DB6 /* Constants.swift */ = {isa = PBXFileReference; lastKnownFileType = sourcecode.swift; path = Constants.swift; sourceTree = "<group>"; };
		1A1417422B6EC16F007EFCB7 /* AandEAttendanceByYearandMonth.swift */ = {isa = PBXFileReference; lastKnownFileType = sourcecode.swift; path = AandEAttendanceByYearandMonth.swift; sourceTree = "<group>"; };
		1A1CE5FD2BF905970006D920 /* MockData.swift */ = {isa = PBXFileReference; lastKnownFileType = sourcecode.swift; path = MockData.swift; sourceTree = "<group>"; };
		1A1CE6002BF91EF00006D920 /* AandEAttendanceCurrentView.swift */ = {isa = PBXFileReference; lastKnownFileType = sourcecode.swift; path = AandEAttendanceCurrentView.swift; sourceTree = "<group>"; };
		1A1CE6022BF9542F0006D920 /* PatientStay.swift */ = {isa = PBXFileReference; lastKnownFileType = sourcecode.swift; path = PatientStay.swift; sourceTree = "<group>"; };
		1A26B8B12B6A626C0022B97F /* CommunityBedsChartView.swift */ = {isa = PBXFileReference; lastKnownFileType = sourcecode.swift; path = CommunityBedsChartView.swift; sourceTree = "<group>"; };
		1A26B8B72B6A75610022B97F /* BarChartView.swift */ = {isa = PBXFileReference; lastKnownFileType = sourcecode.swift; path = BarChartView.swift; sourceTree = "<group>"; };
		1A32E45C2B67F5F800AE030B /* CommunityDepartmentChartView.swift */ = {isa = PBXFileReference; lastKnownFileType = sourcecode.swift; path = CommunityDepartmentChartView.swift; sourceTree = "<group>"; };
		1A32E4602B67FFD400AE030B /* HospitalHeaderView.swift */ = {isa = PBXFileReference; lastKnownFileType = sourcecode.swift; path = HospitalHeaderView.swift; sourceTree = "<group>"; };
		1A32E4622B6820D200AE030B /* DepartmentLink.swift */ = {isa = PBXFileReference; lastKnownFileType = sourcecode.swift; path = DepartmentLink.swift; sourceTree = "<group>"; };
		1A6C7E992B7FDE4C000D14DA /* HomeSummaryView.swift */ = {isa = PBXFileReference; lastKnownFileType = sourcecode.swift; path = HomeSummaryView.swift; sourceTree = "<group>"; };
		1A9836D42C0357E500769A8C /* Route.swift */ = {isa = PBXFileReference; fileEncoding = 4; lastKnownFileType = sourcecode.swift; path = Route.swift; sourceTree = "<group>"; };
		1A9836D62C0357ED00769A8C /* NavigationRouter.swift */ = {isa = PBXFileReference; fileEncoding = 4; lastKnownFileType = sourcecode.swift; path = NavigationRouter.swift; sourceTree = "<group>"; };
		1AAD72E62BF5235E0002B5D1 /* ThumbnailAttendanceView.swift */ = {isa = PBXFileReference; lastKnownFileType = sourcecode.swift; path = ThumbnailAttendanceView.swift; sourceTree = "<group>"; };
		1AAEC3C62BEFB7CC0001F280 /* AndEHomeView.swift */ = {isa = PBXFileReference; lastKnownFileType = sourcecode.swift; path = AndEHomeView.swift; sourceTree = "<group>"; };
		1AEAECFF2C02576D00FB299D /* SectorChartView.swift */ = {isa = PBXFileReference; fileEncoding = 4; lastKnownFileType = sourcecode.swift; path = SectorChartView.swift; sourceTree = "<group>"; };
		1AF168262B45A2A2003231A2 /* HospitalCharts.app */ = {isa = PBXFileReference; explicitFileType = wrapper.application; includeInIndex = 0; path = HospitalCharts.app; sourceTree = BUILT_PRODUCTS_DIR; };
		1AF168292B45A2A2003231A2 /* HospitalChartsApp.swift */ = {isa = PBXFileReference; lastKnownFileType = sourcecode.swift; path = HospitalChartsApp.swift; sourceTree = "<group>"; };
		1AF1682B2B45A2A2003231A2 /* ContentView.swift */ = {isa = PBXFileReference; lastKnownFileType = sourcecode.swift; path = ContentView.swift; sourceTree = "<group>"; };
		1AF1682D2B45A2A3003231A2 /* Assets.xcassets */ = {isa = PBXFileReference; lastKnownFileType = folder.assetcatalog; path = Assets.xcassets; sourceTree = "<group>"; };
		1AF168302B45A2A3003231A2 /* Preview Assets.xcassets */ = {isa = PBXFileReference; lastKnownFileType = folder.assetcatalog; path = "Preview Assets.xcassets"; sourceTree = "<group>"; };
		1AF168372B45A31D003231A2 /* TrustHospitalsView.swift */ = {isa = PBXFileReference; lastKnownFileType = sourcecode.swift; path = TrustHospitalsView.swift; sourceTree = "<group>"; };
		1AF168462B45AB1E003231A2 /* HospitalItem.swift */ = {isa = PBXFileReference; lastKnownFileType = sourcecode.swift; path = HospitalItem.swift; sourceTree = "<group>"; };
		1AF168482B45AB26003231A2 /* Acute.swift */ = {isa = PBXFileReference; lastKnownFileType = sourcecode.swift; path = Acute.swift; sourceTree = "<group>"; };
		1AF1684A2B45AB33003231A2 /* Community.swift */ = {isa = PBXFileReference; lastKnownFileType = sourcecode.swift; path = Community.swift; sourceTree = "<group>"; };
		1AF1684D2B45ABBD003231A2 /* AcuteDepartment.swift */ = {isa = PBXFileReference; lastKnownFileType = sourcecode.swift; path = AcuteDepartment.swift; sourceTree = "<group>"; };
		1AF168512B45B873003231A2 /* CommunityDepartment.swift */ = {isa = PBXFileReference; lastKnownFileType = sourcecode.swift; path = CommunityDepartment.swift; sourceTree = "<group>"; };
		1AF168532B45B8E4003231A2 /* AcuteDetailView.swift */ = {isa = PBXFileReference; lastKnownFileType = sourcecode.swift; path = AcuteDetailView.swift; sourceTree = "<group>"; };
		1AF168552B45B8F1003231A2 /* CommunityDetailView.swift */ = {isa = PBXFileReference; lastKnownFileType = sourcecode.swift; path = CommunityDetailView.swift; sourceTree = "<group>"; };
		1AF168572B45BAA4003231A2 /* AcuteWardChartView.swift */ = {isa = PBXFileReference; lastKnownFileType = sourcecode.swift; path = AcuteWardChartView.swift; sourceTree = "<group>"; };
		1AF168592B45BB57003231A2 /* PatientLog.swift */ = {isa = PBXFileReference; lastKnownFileType = sourcecode.swift; path = PatientLog.swift; sourceTree = "<group>"; };
		1AF473982B78F562000746C8 /* AccidentAndEmergency.swift */ = {isa = PBXFileReference; lastKnownFileType = sourcecode.swift; path = AccidentAndEmergency.swift; sourceTree = "<group>"; };
		1AF4739A2B790338000746C8 /* ArrivalAttendanceBarChartView.swift */ = {isa = PBXFileReference; lastKnownFileType = sourcecode.swift; path = ArrivalAttendanceBarChartView.swift; sourceTree = "<group>"; };
/* End PBXFileReference section */

/* Begin PBXFrameworksBuildPhase section */
		1AF168232B45A2A2003231A2 /* Frameworks */ = {
			isa = PBXFrameworksBuildPhase;
			buildActionMask = 2147483647;
			files = (
			);
			runOnlyForDeploymentPostprocessing = 0;
		};
/* End PBXFrameworksBuildPhase section */

/* Begin PBXGroup section */
		1A0C3C072B79122D003C4DB6 /* Constants */ = {
			isa = PBXGroup;
			children = (
				1A1CE5FD2BF905970006D920 /* MockData.swift */,
				1A0C3C0A2B7912D0003C4DB6 /* Constants.swift */,
			);
			path = Constants;
			sourceTree = "<group>";
		};
		1A1CE5FF2BF907060006D920 /* Subview */ = {
			isa = PBXGroup;
			children = (
				1AAD72E62BF5235E0002B5D1 /* ThumbnailAttendanceView.swift */,
			);
			path = Subview;
			sourceTree = "<group>";
		};
		1A32E45E2B67FCB100AE030B /* Summary */ = {
			isa = PBXGroup;
			children = (
				1AF168452B45A6D8003231A2 /* Views */,
			);
			path = Summary;
			sourceTree = "<group>";
		};
		1A32E45F2B67FFC400AE030B /* Subviews */ = {
			isa = PBXGroup;
			children = (
				1A32E4602B67FFD400AE030B /* HospitalHeaderView.swift */,
				1A32E4622B6820D200AE030B /* DepartmentLink.swift */,
			);
			path = Subviews;
			sourceTree = "<group>";
		};
		1A53D8FF2B6D76FA0049972D /* Accident and Emergency */ = {
			isa = PBXGroup;
			children = (
				1AF473972B78F541000746C8 /* Views */,
				1AF473962B78F538000746C8 /* Model */,
			);
			path = "Accident and Emergency";
			sourceTree = "<group>";
		};
		1A5AABFA2BFB99CF00988813 /* Acute */ = {
			isa = PBXGroup;
			children = (
				1AF168532B45B8E4003231A2 /* AcuteDetailView.swift */,
				1AF168572B45BAA4003231A2 /* AcuteWardChartView.swift */,
				1A32E45C2B67F5F800AE030B /* CommunityDepartmentChartView.swift */,
				1A26B8B12B6A626C0022B97F /* CommunityBedsChartView.swift */,
			);
			path = Acute;
			sourceTree = "<group>";
		};
		1A5AABFB2BFB99D400988813 /* Community */ = {
			isa = PBXGroup;
			children = (
				1AF168552B45B8F1003231A2 /* CommunityDetailView.swift */,
			);
			path = Community;
			sourceTree = "<group>";
		};
		1AF1681D2B45A2A2003231A2 = {
			isa = PBXGroup;
			children = (
				1AF168282B45A2A2003231A2 /* HospitalCharts */,
				1AF168272B45A2A2003231A2 /* Products */,
			);
			sourceTree = "<group>";
		};
		1AF168272B45A2A2003231A2 /* Products */ = {
			isa = PBXGroup;
			children = (
				1AF168262B45A2A2003231A2 /* HospitalCharts.app */,
			);
			name = Products;
			sourceTree = "<group>";
		};
		1AF168282B45A2A2003231A2 /* HospitalCharts */ = {
			isa = PBXGroup;
			children = (
				1A0C3C072B79122D003C4DB6 /* Constants */,
				1AF1683B2B45A5F2003231A2 /* Navigation */,
				1AF1683E2B45A61F003231A2 /* Home */,
				1AF168402B45A62E003231A2 /* Hospitals */,
				1A32E45E2B67FCB100AE030B /* Summary */,
				1A53D8FF2B6D76FA0049972D /* Accident and Emergency */,
				1AF168292B45A2A2003231A2 /* HospitalChartsApp.swift */,
				1AF1682D2B45A2A3003231A2 /* Assets.xcassets */,
				1AF1682F2B45A2A3003231A2 /* Preview Content */,
			);
			path = HospitalCharts;
			sourceTree = "<group>";
		};
		1AF1682F2B45A2A3003231A2 /* Preview Content */ = {
			isa = PBXGroup;
			children = (
				1AF168302B45A2A3003231A2 /* Preview Assets.xcassets */,
			);
			path = "Preview Content";
			sourceTree = "<group>";
		};
		1AF1683B2B45A5F2003231A2 /* Navigation */ = {
			isa = PBXGroup;
			children = (
				1A9836D42C0357E500769A8C /* Route.swift */,
				1A9836D62C0357ED00769A8C /* NavigationRouter.swift */,
			);
			path = Navigation;
			sourceTree = "<group>";
		};
		1AF1683E2B45A61F003231A2 /* Home */ = {
			isa = PBXGroup;
			children = (
				1AF168412B45A6AC003231A2 /* Views */,
			);
			path = Home;
			sourceTree = "<group>";
		};
		1AF168402B45A62E003231A2 /* Hospitals */ = {
			isa = PBXGroup;
			children = (
				1AF168432B45A6C0003231A2 /* Model */,
				1AF168422B45A6BA003231A2 /* Views */,
			);
			path = Hospitals;
			sourceTree = "<group>";
		};
		1AF168412B45A6AC003231A2 /* Views */ = {
			isa = PBXGroup;
			children = (
				1AF1682B2B45A2A2003231A2 /* ContentView.swift */,
				1AF168372B45A31D003231A2 /* TrustHospitalsView.swift */,
			);
			path = Views;
			sourceTree = "<group>";
		};
		1AF168422B45A6BA003231A2 /* Views */ = {
			isa = PBXGroup;
			children = (
				1A5AABFB2BFB99D400988813 /* Community */,
				1A5AABFA2BFB99CF00988813 /* Acute */,
				1A32E45F2B67FFC400AE030B /* Subviews */,
			);
			path = Views;
			sourceTree = "<group>";
		};
		1AF168432B45A6C0003231A2 /* Model */ = {
			isa = PBXGroup;
			children = (
				1AF168462B45AB1E003231A2 /* HospitalItem.swift */,
				1AF168482B45AB26003231A2 /* Acute.swift */,
				1AF1684A2B45AB33003231A2 /* Community.swift */,
				1AF168592B45BB57003231A2 /* PatientLog.swift */,
				1A1CE6022BF9542F0006D920 /* PatientStay.swift */,
				1AF1684C2B45ABAF003231A2 /* Enum */,
			);
			path = Model;
			sourceTree = "<group>";
		};
		1AF168452B45A6D8003231A2 /* Views */ = {
			isa = PBXGroup;
			children = (
				1A6C7E992B7FDE4C000D14DA /* HomeSummaryView.swift */,
				1A26B8B72B6A75610022B97F /* BarChartView.swift */,
				1AEAECFF2C02576D00FB299D /* SectorChartView.swift */,
			);
			path = Views;
			sourceTree = "<group>";
		};
		1AF1684C2B45ABAF003231A2 /* Enum */ = {
			isa = PBXGroup;
			children = (
				1AF1684D2B45ABBD003231A2 /* AcuteDepartment.swift */,
				1AF168512B45B873003231A2 /* CommunityDepartment.swift */,
			);
			path = Enum;
			sourceTree = "<group>";
		};
		1AF473962B78F538000746C8 /* Model */ = {
			isa = PBXGroup;
			children = (
				1AF473982B78F562000746C8 /* AccidentAndEmergency.swift */,
			);
			path = Model;
			sourceTree = "<group>";
		};
		1AF473972B78F541000746C8 /* Views */ = {
			isa = PBXGroup;
			children = (
				1A1CE5FF2BF907060006D920 /* Subview */,
				1AAEC3C62BEFB7CC0001F280 /* AndEHomeView.swift */,
				1A1CE6002BF91EF00006D920 /* AandEAttendanceCurrentView.swift */,
				1AF4739A2B790338000746C8 /* ArrivalAttendanceBarChartView.swift */,
				1A1417422B6EC16F007EFCB7 /* AandEAttendanceByYearandMonth.swift */,
			);
			path = Views;
			sourceTree = "<group>";
		};
/* End PBXGroup section */

/* Begin PBXNativeTarget section */
		1AF168252B45A2A2003231A2 /* HospitalCharts */ = {
			isa = PBXNativeTarget;
			buildConfigurationList = 1AF168342B45A2A3003231A2 /* Build configuration list for PBXNativeTarget "HospitalCharts" */;
			buildPhases = (
				1AF168222B45A2A2003231A2 /* Sources */,
				1AF168232B45A2A2003231A2 /* Frameworks */,
				1AF168242B45A2A2003231A2 /* Resources */,
			);
			buildRules = (
			);
			dependencies = (
			);
			name = HospitalCharts;
			productName = HospitalCharts;
			productReference = 1AF168262B45A2A2003231A2 /* HospitalCharts.app */;
			productType = "com.apple.product-type.application";
		};
/* End PBXNativeTarget section */

/* Begin PBXProject section */
		1AF1681E2B45A2A2003231A2 /* Project object */ = {
			isa = PBXProject;
			attributes = {
				BuildIndependentTargetsInParallel = 1;
				LastSwiftUpdateCheck = 1510;
				LastUpgradeCheck = 1510;
				TargetAttributes = {
					1AF168252B45A2A2003231A2 = {
						CreatedOnToolsVersion = 15.1;
					};
				};
			};
			buildConfigurationList = 1AF168212B45A2A2003231A2 /* Build configuration list for PBXProject "HospitalCharts" */;
			compatibilityVersion = "Xcode 14.0";
			developmentRegion = en;
			hasScannedForEncodings = 0;
			knownRegions = (
				en,
				Base,
			);
			mainGroup = 1AF1681D2B45A2A2003231A2;
			productRefGroup = 1AF168272B45A2A2003231A2 /* Products */;
			projectDirPath = "";
			projectRoot = "";
			targets = (
				1AF168252B45A2A2003231A2 /* HospitalCharts */,
			);
		};
/* End PBXProject section */

/* Begin PBXResourcesBuildPhase section */
		1AF168242B45A2A2003231A2 /* Resources */ = {
			isa = PBXResourcesBuildPhase;
			buildActionMask = 2147483647;
			files = (
				1AF168312B45A2A3003231A2 /* Preview Assets.xcassets in Resources */,
				1AF1682E2B45A2A3003231A2 /* Assets.xcassets in Resources */,
			);
			runOnlyForDeploymentPostprocessing = 0;
		};
/* End PBXResourcesBuildPhase section */

/* Begin PBXSourcesBuildPhase section */
		1AF168222B45A2A2003231A2 /* Sources */ = {
			isa = PBXSourcesBuildPhase;
			buildActionMask = 2147483647;
			files = (
				1A32E4612B67FFD400AE030B /* HospitalHeaderView.swift in Sources */,
				1A6C7E9A2B7FDE4C000D14DA /* HomeSummaryView.swift in Sources */,
				1A26B8B82B6A75610022B97F /* BarChartView.swift in Sources */,
				1AF473992B78F562000746C8 /* AccidentAndEmergency.swift in Sources */,
				1A9836D52C0357E500769A8C /* Route.swift in Sources */,
				1A1CE5FE2BF905970006D920 /* MockData.swift in Sources */,
				1A1CE6032BF9542F0006D920 /* PatientStay.swift in Sources */,
				1AAD72E72BF5235E0002B5D1 /* ThumbnailAttendanceView.swift in Sources */,
				1A9836D72C0357ED00769A8C /* NavigationRouter.swift in Sources */,
				1A32E4632B6820D200AE030B /* DepartmentLink.swift in Sources */,
				1AF168492B45AB26003231A2 /* Acute.swift in Sources */,
				1A0C3C0B2B7912D0003C4DB6 /* Constants.swift in Sources */,
				1A32E45D2B67F5F800AE030B /* CommunityDepartmentChartView.swift in Sources */,
				1AF4739B2B790338000746C8 /* ArrivalAttendanceBarChartView.swift in Sources */,
				1AF1685A2B45BB57003231A2 /* PatientLog.swift in Sources */,
				1A1CE6012BF91EF00006D920 /* AandEAttendanceCurrentView.swift in Sources */,
				1AF168582B45BAA4003231A2 /* AcuteWardChartView.swift in Sources */,
				1AF168562B45B8F1003231A2 /* CommunityDetailView.swift in Sources */,
				1A26B8B22B6A626C0022B97F /* CommunityBedsChartView.swift in Sources */,
				1AEAED002C02576D00FB299D /* SectorChartView.swift in Sources */,
				1AF168522B45B873003231A2 /* CommunityDepartment.swift in Sources */,
				1AF1682C2B45A2A2003231A2 /* ContentView.swift in Sources */,
				1AF168382B45A31D003231A2 /* TrustHospitalsView.swift in Sources */,
				1AF168542B45B8E4003231A2 /* AcuteDetailView.swift in Sources */,
				1AF168472B45AB1E003231A2 /* HospitalItem.swift in Sources */,
				1AAEC3C72BEFB7CC0001F280 /* AndEHomeView.swift in Sources */,
				1A1417432B6EC16F007EFCB7 /* AandEAttendanceByYearandMonth.swift in Sources */,
				1AF1684B2B45AB33003231A2 /* Community.swift in Sources */,
				1AF1684E2B45ABBD003231A2 /* AcuteDepartment.swift in Sources */,
				1AF1682A2B45A2A2003231A2 /* HospitalChartsApp.swift in Sources */,
			);
			runOnlyForDeploymentPostprocessing = 0;
		};
/* End PBXSourcesBuildPhase section */

/* Begin XCBuildConfiguration section */
		1AF168322B45A2A3003231A2 /* Debug */ = {
			isa = XCBuildConfiguration;
			buildSettings = {
				ALWAYS_SEARCH_USER_PATHS = NO;
				ASSETCATALOG_COMPILER_GENERATE_SWIFT_ASSET_SYMBOL_EXTENSIONS = YES;
				CLANG_ANALYZER_NONNULL = YES;
				CLANG_ANALYZER_NUMBER_OBJECT_CONVERSION = YES_AGGRESSIVE;
				CLANG_CXX_LANGUAGE_STANDARD = "gnu++20";
				CLANG_ENABLE_MODULES = YES;
				CLANG_ENABLE_OBJC_ARC = YES;
				CLANG_ENABLE_OBJC_WEAK = YES;
				CLANG_WARN_BLOCK_CAPTURE_AUTORELEASING = YES;
				CLANG_WARN_BOOL_CONVERSION = YES;
				CLANG_WARN_COMMA = YES;
				CLANG_WARN_CONSTANT_CONVERSION = YES;
				CLANG_WARN_DEPRECATED_OBJC_IMPLEMENTATIONS = YES;
				CLANG_WARN_DIRECT_OBJC_ISA_USAGE = YES_ERROR;
				CLANG_WARN_DOCUMENTATION_COMMENTS = YES;
				CLANG_WARN_EMPTY_BODY = YES;
				CLANG_WARN_ENUM_CONVERSION = YES;
				CLANG_WARN_INFINITE_RECURSION = YES;
				CLANG_WARN_INT_CONVERSION = YES;
				CLANG_WARN_NON_LITERAL_NULL_CONVERSION = YES;
				CLANG_WARN_OBJC_IMPLICIT_RETAIN_SELF = YES;
				CLANG_WARN_OBJC_LITERAL_CONVERSION = YES;
				CLANG_WARN_OBJC_ROOT_CLASS = YES_ERROR;
				CLANG_WARN_QUOTED_INCLUDE_IN_FRAMEWORK_HEADER = YES;
				CLANG_WARN_RANGE_LOOP_ANALYSIS = YES;
				CLANG_WARN_STRICT_PROTOTYPES = YES;
				CLANG_WARN_SUSPICIOUS_MOVE = YES;
				CLANG_WARN_UNGUARDED_AVAILABILITY = YES_AGGRESSIVE;
				CLANG_WARN_UNREACHABLE_CODE = YES;
				CLANG_WARN__DUPLICATE_METHOD_MATCH = YES;
				COPY_PHASE_STRIP = NO;
				DEBUG_INFORMATION_FORMAT = dwarf;
				ENABLE_STRICT_OBJC_MSGSEND = YES;
				ENABLE_TESTABILITY = YES;
				ENABLE_USER_SCRIPT_SANDBOXING = YES;
				GCC_C_LANGUAGE_STANDARD = gnu17;
				GCC_DYNAMIC_NO_PIC = NO;
				GCC_NO_COMMON_BLOCKS = YES;
				GCC_OPTIMIZATION_LEVEL = 0;
				GCC_PREPROCESSOR_DEFINITIONS = (
					"DEBUG=1",
					"$(inherited)",
				);
				GCC_WARN_64_TO_32_BIT_CONVERSION = YES;
				GCC_WARN_ABOUT_RETURN_TYPE = YES_ERROR;
				GCC_WARN_UNDECLARED_SELECTOR = YES;
				GCC_WARN_UNINITIALIZED_AUTOS = YES_AGGRESSIVE;
				GCC_WARN_UNUSED_FUNCTION = YES;
				GCC_WARN_UNUSED_VARIABLE = YES;
				IPHONEOS_DEPLOYMENT_TARGET = 17.2;
				LOCALIZATION_PREFERS_STRING_CATALOGS = YES;
				MTL_ENABLE_DEBUG_INFO = INCLUDE_SOURCE;
				MTL_FAST_MATH = YES;
				ONLY_ACTIVE_ARCH = YES;
				SDKROOT = iphoneos;
				SWIFT_ACTIVE_COMPILATION_CONDITIONS = "DEBUG $(inherited)";
				SWIFT_OPTIMIZATION_LEVEL = "-Onone";
			};
			name = Debug;
		};
		1AF168332B45A2A3003231A2 /* Release */ = {
			isa = XCBuildConfiguration;
			buildSettings = {
				ALWAYS_SEARCH_USER_PATHS = NO;
				ASSETCATALOG_COMPILER_GENERATE_SWIFT_ASSET_SYMBOL_EXTENSIONS = YES;
				CLANG_ANALYZER_NONNULL = YES;
				CLANG_ANALYZER_NUMBER_OBJECT_CONVERSION = YES_AGGRESSIVE;
				CLANG_CXX_LANGUAGE_STANDARD = "gnu++20";
				CLANG_ENABLE_MODULES = YES;
				CLANG_ENABLE_OBJC_ARC = YES;
				CLANG_ENABLE_OBJC_WEAK = YES;
				CLANG_WARN_BLOCK_CAPTURE_AUTORELEASING = YES;
				CLANG_WARN_BOOL_CONVERSION = YES;
				CLANG_WARN_COMMA = YES;
				CLANG_WARN_CONSTANT_CONVERSION = YES;
				CLANG_WARN_DEPRECATED_OBJC_IMPLEMENTATIONS = YES;
				CLANG_WARN_DIRECT_OBJC_ISA_USAGE = YES_ERROR;
				CLANG_WARN_DOCUMENTATION_COMMENTS = YES;
				CLANG_WARN_EMPTY_BODY = YES;
				CLANG_WARN_ENUM_CONVERSION = YES;
				CLANG_WARN_INFINITE_RECURSION = YES;
				CLANG_WARN_INT_CONVERSION = YES;
				CLANG_WARN_NON_LITERAL_NULL_CONVERSION = YES;
				CLANG_WARN_OBJC_IMPLICIT_RETAIN_SELF = YES;
				CLANG_WARN_OBJC_LITERAL_CONVERSION = YES;
				CLANG_WARN_OBJC_ROOT_CLASS = YES_ERROR;
				CLANG_WARN_QUOTED_INCLUDE_IN_FRAMEWORK_HEADER = YES;
				CLANG_WARN_RANGE_LOOP_ANALYSIS = YES;
				CLANG_WARN_STRICT_PROTOTYPES = YES;
				CLANG_WARN_SUSPICIOUS_MOVE = YES;
				CLANG_WARN_UNGUARDED_AVAILABILITY = YES_AGGRESSIVE;
				CLANG_WARN_UNREACHABLE_CODE = YES;
				CLANG_WARN__DUPLICATE_METHOD_MATCH = YES;
				COPY_PHASE_STRIP = NO;
				DEBUG_INFORMATION_FORMAT = "dwarf-with-dsym";
				ENABLE_NS_ASSERTIONS = NO;
				ENABLE_STRICT_OBJC_MSGSEND = YES;
				ENABLE_USER_SCRIPT_SANDBOXING = YES;
				GCC_C_LANGUAGE_STANDARD = gnu17;
				GCC_NO_COMMON_BLOCKS = YES;
				GCC_WARN_64_TO_32_BIT_CONVERSION = YES;
				GCC_WARN_ABOUT_RETURN_TYPE = YES_ERROR;
				GCC_WARN_UNDECLARED_SELECTOR = YES;
				GCC_WARN_UNINITIALIZED_AUTOS = YES_AGGRESSIVE;
				GCC_WARN_UNUSED_FUNCTION = YES;
				GCC_WARN_UNUSED_VARIABLE = YES;
				IPHONEOS_DEPLOYMENT_TARGET = 17.2;
				LOCALIZATION_PREFERS_STRING_CATALOGS = YES;
				MTL_ENABLE_DEBUG_INFO = NO;
				MTL_FAST_MATH = YES;
				SDKROOT = iphoneos;
				SWIFT_COMPILATION_MODE = wholemodule;
				VALIDATE_PRODUCT = YES;
			};
			name = Release;
		};
		1AF168352B45A2A3003231A2 /* Debug */ = {
			isa = XCBuildConfiguration;
			buildSettings = {
				ASSETCATALOG_COMPILER_APPICON_NAME = AppIcon;
				ASSETCATALOG_COMPILER_GLOBAL_ACCENT_COLOR_NAME = AccentColor;
				CODE_SIGN_STYLE = Automatic;
				CURRENT_PROJECT_VERSION = 1;
				DEVELOPMENT_ASSET_PATHS = "\"HospitalCharts/Preview Content\"";
				ENABLE_PREVIEWS = YES;
				GENERATE_INFOPLIST_FILE = YES;
				INFOPLIST_KEY_UIApplicationSceneManifest_Generation = YES;
				INFOPLIST_KEY_UIApplicationSupportsIndirectInputEvents = YES;
				INFOPLIST_KEY_UILaunchScreen_Generation = YES;
				INFOPLIST_KEY_UISupportedInterfaceOrientations_iPad = "UIInterfaceOrientationPortrait UIInterfaceOrientationPortraitUpsideDown UIInterfaceOrientationLandscapeLeft UIInterfaceOrientationLandscapeRight";
				INFOPLIST_KEY_UISupportedInterfaceOrientations_iPhone = "UIInterfaceOrientationPortrait UIInterfaceOrientationLandscapeLeft UIInterfaceOrientationLandscapeRight";
				LD_RUNPATH_SEARCH_PATHS = (
					"$(inherited)",
					"@executable_path/Frameworks",
				);
				MARKETING_VERSION = 1.0;
				PRODUCT_BUNDLE_IDENTIFIER = JimHdev.HospitalCharts;
				PRODUCT_NAME = "$(TARGET_NAME)";
				SWIFT_EMIT_LOC_STRINGS = YES;
				SWIFT_VERSION = 5.0;
				TARGETED_DEVICE_FAMILY = "1,2";
			};
			name = Debug;
		};
		1AF168362B45A2A3003231A2 /* Release */ = {
			isa = XCBuildConfiguration;
			buildSettings = {
				ASSETCATALOG_COMPILER_APPICON_NAME = AppIcon;
				ASSETCATALOG_COMPILER_GLOBAL_ACCENT_COLOR_NAME = AccentColor;
				CODE_SIGN_STYLE = Automatic;
				CURRENT_PROJECT_VERSION = 1;
				DEVELOPMENT_ASSET_PATHS = "\"HospitalCharts/Preview Content\"";
				ENABLE_PREVIEWS = YES;
				GENERATE_INFOPLIST_FILE = YES;
				INFOPLIST_KEY_UIApplicationSceneManifest_Generation = YES;
				INFOPLIST_KEY_UIApplicationSupportsIndirectInputEvents = YES;
				INFOPLIST_KEY_UILaunchScreen_Generation = YES;
				INFOPLIST_KEY_UISupportedInterfaceOrientations_iPad = "UIInterfaceOrientationPortrait UIInterfaceOrientationPortraitUpsideDown UIInterfaceOrientationLandscapeLeft UIInterfaceOrientationLandscapeRight";
				INFOPLIST_KEY_UISupportedInterfaceOrientations_iPhone = "UIInterfaceOrientationPortrait UIInterfaceOrientationLandscapeLeft UIInterfaceOrientationLandscapeRight";
				LD_RUNPATH_SEARCH_PATHS = (
					"$(inherited)",
					"@executable_path/Frameworks",
				);
				MARKETING_VERSION = 1.0;
				PRODUCT_BUNDLE_IDENTIFIER = JimHdev.HospitalCharts;
				PRODUCT_NAME = "$(TARGET_NAME)";
				SWIFT_EMIT_LOC_STRINGS = YES;
				SWIFT_VERSION = 5.0;
				TARGETED_DEVICE_FAMILY = "1,2";
			};
			name = Release;
		};
/* End XCBuildConfiguration section */

/* Begin XCConfigurationList section */
		1AF168212B45A2A2003231A2 /* Build configuration list for PBXProject "HospitalCharts" */ = {
			isa = XCConfigurationList;
			buildConfigurations = (
				1AF168322B45A2A3003231A2 /* Debug */,
				1AF168332B45A2A3003231A2 /* Release */,
			);
			defaultConfigurationIsVisible = 0;
			defaultConfigurationName = Release;
		};
		1AF168342B45A2A3003231A2 /* Build configuration list for PBXNativeTarget "HospitalCharts" */ = {
			isa = XCConfigurationList;
			buildConfigurations = (
				1AF168352B45A2A3003231A2 /* Debug */,
				1AF168362B45A2A3003231A2 /* Release */,
			);
			defaultConfigurationIsVisible = 0;
			defaultConfigurationName = Release;
		};
/* End XCConfigurationList section */
	};
	rootObject = 1AF1681E2B45A2A2003231A2 /* Project object */;
}
